
Microsoft Visual Studio Solution File, Format Version 12.00
# Visual Studio Version 17
VisualStudioVersion = 17.7.34202.233
MinimumVisualStudioVersion = 10.0.40219.1
Project("{FAE04EC0-301F-11D3-BF4B-00C04F79EFBC}") = "Task141023", "Task141023\Task141023.csproj", "{1F317FDB-18EC-4660-9EA9-652E1BC12340}"
EndProject
Global
	GlobalSection(SolutionConfigurationPlatforms) = preSolution
		Debug|Any CPU = Debug|Any CPU
		Release|Any CPU = Release|Any CPU
	EndGlobalSection
	GlobalSection(ProjectConfigurationPlatforms) = postSolution
		{1F317FDB-18EC-4660-9EA9-652E1BC12340}.Debug|Any CPU.ActiveCfg = Debug|Any CPU
		{1F317FDB-18EC-4660-9EA9-652E1BC12340}.Debug|Any CPU.Build.0 = Debug|Any CPU
		{1F317FDB-18EC-4660-9EA9-652E1BC12340}.Release|Any CPU.ActiveCfg = Release|Any CPU
		{1F317FDB-18EC-4660-9EA9-652E1BC12340}.Release|Any CPU.Build.0 = Release|Any CPU
	EndGlobalSection
	GlobalSection(SolutionProperties) = preSolution
		HideSolutionNode = FALSE
	EndGlobalSection
	GlobalSection(ExtensibilityGlobals) = postSolution
		SolutionGuid = {C33399F5-FDE6-45E4-B12B-3128C7143C83}
	EndGlobalSection
EndGlobal
